
Microsoft Visual Studio Solution File, Format Version 12.00
# Visual Studio Version 17
VisualStudioVersion = 17.1.32328.378
MinimumVisualStudioVersion = 10.0.40219.1
Project("{FAE04EC0-301F-11D3-BF4B-00C04F79EFBC}") = "Ex02_Logic", "Ex02\Ex02_Logic.csproj", "{3C94C01E-7008-4A75-80CF-EFB55B374431}"
EndProject
Project("{FAE04EC0-301F-11D3-BF4B-00C04F79EFBC}") = "Ex02_UI", "Ex02_UI\Ex02_UI.csproj", "{955AB65A-746E-418A-9B47-85BD2C2C6FC0}"
EndProject
Global
	GlobalSection(SolutionConfigurationPlatforms) = preSolution
		Debug|Any CPU = Debug|Any CPU
		Release|Any CPU = Release|Any CPU
	EndGlobalSection
	GlobalSection(ProjectConfigurationPlatforms) = postSolution
		{3C94C01E-7008-4A75-80CF-EFB55B374431}.Debug|Any CPU.ActiveCfg = Debug|Any CPU
		{3C94C01E-7008-4A75-80CF-EFB55B374431}.Debug|Any CPU.Build.0 = Debug|Any CPU
		{3C94C01E-7008-4A75-80CF-EFB55B374431}.Release|Any CPU.ActiveCfg = Release|Any CPU
		{3C94C01E-7008-4A75-80CF-EFB55B374431}.Release|Any CPU.Build.0 = Release|Any CPU
		{955AB65A-746E-418A-9B47-85BD2C2C6FC0}.Debug|Any CPU.ActiveCfg = Debug|Any CPU
		{955AB65A-746E-418A-9B47-85BD2C2C6FC0}.Debug|Any CPU.Build.0 = Debug|Any CPU
		{955AB65A-746E-418A-9B47-85BD2C2C6FC0}.Release|Any CPU.ActiveCfg = Release|Any CPU
		{955AB65A-746E-418A-9B47-85BD2C2C6FC0}.Release|Any CPU.Build.0 = Release|Any CPU
	EndGlobalSection
	GlobalSection(SolutionProperties) = preSolution
		HideSolutionNode = FALSE
	EndGlobalSection
	GlobalSection(ExtensibilityGlobals) = postSolution
		SolutionGuid = {5EFDBC1B-C0D1-4858-9102-8B52FFBCC177}
	EndGlobalSection
EndGlobal
